
Microsoft Visual Studio Solution File, Format Version 12.00
# Visual Studio Version 16
VisualStudioVersion = 16.0.32228.343
MinimumVisualStudioVersion = 10.0.40219.1
Project("{2150E333-8FDC-42A3-9474-1A3956D46DE8}") = "Services", "Services", "{F8CB4973-91A1-4700-88DB-785EDA2F3B91}"
EndProject
Project("{2150E333-8FDC-42A3-9474-1A3956D46DE8}") = "Catalog", "Catalog", "{9A34A9B3-D27D-48F1-BBB2-F2A30E9CF7A2}"
EndProject
Project("{9A19103F-16F7-4668-BE54-9A1E7A4F7556}") = "Catalog.API", "Services\Catalog\Catalog.API\Catalog.API.csproj", "{5CDD1B0D-3789-457C-8267-AA1D2850A1E9}"
EndProject
Project("{E53339B2-1760-4266-BCC7-CA923CBCF16C}") = "docker-compose", "docker-compose.dcproj", "{AC3DCAFB-167C-4CC0-9821-B334E36BD607}"
EndProject
Project("{2150E333-8FDC-42A3-9474-1A3956D46DE8}") = "Basket", "Basket", "{A9D3F068-FB42-4BDC-A0F4-ADFF370722FF}"
EndProject
Project("{9A19103F-16F7-4668-BE54-9A1E7A4F7556}") = "Basket.API", "Services\Basket\Basket.API\Basket.API.csproj", "{3C009A2A-1549-4E47-8FCE-1747F3F53392}"
EndProject
Project("{2150E333-8FDC-42A3-9474-1A3956D46DE8}") = "Discount", "Discount", "{C97986FD-ADAB-49EE-9892-522EA0F8AE4F}"
EndProject
Project("{9A19103F-16F7-4668-BE54-9A1E7A4F7556}") = "Discount.API", "Services\Discount\Discount.API\Discount.API.csproj", "{18D4D7C2-B343-461E-ABCE-B7F62D24D647}"
EndProject
Project("{9A19103F-16F7-4668-BE54-9A1E7A4F7556}") = "Discount.Grpc", "Services\Discount\Discount.Grpc\Discount.Grpc.csproj", "{434D544B-9889-4B9F-8CCC-B660084D3086}"
EndProject
Project("{2150E333-8FDC-42A3-9474-1A3956D46DE8}") = "Ordering", "Ordering", "{178F4D0D-03E1-486C-99D3-F843FDE5C5F5}"
EndProject
Project("{FAE04EC0-301F-11D3-BF4B-00C04F79EFBC}") = "Ordering.API", "Services\Ordering\Ordering.API\Ordering.API.csproj", "{98C2F4BD-136F-410B-B51A-A5042C9D0035}"
EndProject
Global
	GlobalSection(SolutionConfigurationPlatforms) = preSolution
		Debug|Any CPU = Debug|Any CPU
		Release|Any CPU = Release|Any CPU
	EndGlobalSection
	GlobalSection(ProjectConfigurationPlatforms) = postSolution
		{5CDD1B0D-3789-457C-8267-AA1D2850A1E9}.Debug|Any CPU.ActiveCfg = Debug|Any CPU
		{5CDD1B0D-3789-457C-8267-AA1D2850A1E9}.Debug|Any CPU.Build.0 = Debug|Any CPU
		{5CDD1B0D-3789-457C-8267-AA1D2850A1E9}.Release|Any CPU.ActiveCfg = Release|Any CPU
		{5CDD1B0D-3789-457C-8267-AA1D2850A1E9}.Release|Any CPU.Build.0 = Release|Any CPU
		{AC3DCAFB-167C-4CC0-9821-B334E36BD607}.Debug|Any CPU.ActiveCfg = Debug|Any CPU
		{AC3DCAFB-167C-4CC0-9821-B334E36BD607}.Debug|Any CPU.Build.0 = Debug|Any CPU
		{AC3DCAFB-167C-4CC0-9821-B334E36BD607}.Release|Any CPU.ActiveCfg = Release|Any CPU
		{AC3DCAFB-167C-4CC0-9821-B334E36BD607}.Release|Any CPU.Build.0 = Release|Any CPU
		{3C009A2A-1549-4E47-8FCE-1747F3F53392}.Debug|Any CPU.ActiveCfg = Debug|Any CPU
		{3C009A2A-1549-4E47-8FCE-1747F3F53392}.Debug|Any CPU.Build.0 = Debug|Any CPU
		{3C009A2A-1549-4E47-8FCE-1747F3F53392}.Release|Any CPU.ActiveCfg = Release|Any CPU
		{3C009A2A-1549-4E47-8FCE-1747F3F53392}.Release|Any CPU.Build.0 = Release|Any CPU
		{18D4D7C2-B343-461E-ABCE-B7F62D24D647}.Debug|Any CPU.ActiveCfg = Debug|Any CPU
		{18D4D7C2-B343-461E-ABCE-B7F62D24D647}.Debug|Any CPU.Build.0 = Debug|Any CPU
		{18D4D7C2-B343-461E-ABCE-B7F62D24D647}.Release|Any CPU.ActiveCfg = Release|Any CPU
		{18D4D7C2-B343-461E-ABCE-B7F62D24D647}.Release|Any CPU.Build.0 = Release|Any CPU
		{434D544B-9889-4B9F-8CCC-B660084D3086}.Debug|Any CPU.ActiveCfg = Debug|Any CPU
		{434D544B-9889-4B9F-8CCC-B660084D3086}.Debug|Any CPU.Build.0 = Debug|Any CPU
		{434D544B-9889-4B9F-8CCC-B660084D3086}.Release|Any CPU.ActiveCfg = Release|Any CPU
		{434D544B-9889-4B9F-8CCC-B660084D3086}.Release|Any CPU.Build.0 = Release|Any CPU
		{98C2F4BD-136F-410B-B51A-A5042C9D0035}.Debug|Any CPU.ActiveCfg = Debug|Any CPU
		{98C2F4BD-136F-410B-B51A-A5042C9D0035}.Debug|Any CPU.Build.0 = Debug|Any CPU
		{98C2F4BD-136F-410B-B51A-A5042C9D0035}.Release|Any CPU.ActiveCfg = Release|Any CPU
		{98C2F4BD-136F-410B-B51A-A5042C9D0035}.Release|Any CPU.Build.0 = Release|Any CPU
	EndGlobalSection
	GlobalSection(SolutionProperties) = preSolution
		HideSolutionNode = FALSE
	EndGlobalSection
	GlobalSection(NestedProjects) = preSolution
		{9A34A9B3-D27D-48F1-BBB2-F2A30E9CF7A2} = {F8CB4973-91A1-4700-88DB-785EDA2F3B91}
		{5CDD1B0D-3789-457C-8267-AA1D2850A1E9} = {9A34A9B3-D27D-48F1-BBB2-F2A30E9CF7A2}
		{A9D3F068-FB42-4BDC-A0F4-ADFF370722FF} = {F8CB4973-91A1-4700-88DB-785EDA2F3B91}
		{3C009A2A-1549-4E47-8FCE-1747F3F53392} = {A9D3F068-FB42-4BDC-A0F4-ADFF370722FF}
		{C97986FD-ADAB-49EE-9892-522EA0F8AE4F} = {F8CB4973-91A1-4700-88DB-785EDA2F3B91}
		{18D4D7C2-B343-461E-ABCE-B7F62D24D647} = {C97986FD-ADAB-49EE-9892-522EA0F8AE4F}
		{434D544B-9889-4B9F-8CCC-B660084D3086} = {C97986FD-ADAB-49EE-9892-522EA0F8AE4F}
		{178F4D0D-03E1-486C-99D3-F843FDE5C5F5} = {F8CB4973-91A1-4700-88DB-785EDA2F3B91}
		{98C2F4BD-136F-410B-B51A-A5042C9D0035} = {178F4D0D-03E1-486C-99D3-F843FDE5C5F5}
	EndGlobalSection
	GlobalSection(ExtensibilityGlobals) = postSolution
		SolutionGuid = {D5C0D27D-71A5-4B65-8F86-62A36ACFB9FC}
	EndGlobalSection
EndGlobal
